PODS:
  - GDPerformanceView-Swift (2.0.3)
  - SwiftyJSON (5.0.0)

DEPENDENCIES:
  - GDPerformanceView-Swift
  - SwiftyJSON

SPEC REPOS:
  trunk:
    - GDPerformanceView-Swift
    - SwiftyJSON

SPEC CHECKSUMS:
  GDPerformanceView-Swift: ef3d05deb103e472a5494d3f60aeca5a58b88a7d
  SwiftyJSON: 36413e04c44ee145039d332b4f4e2d3e8d6c4db7

PODFILE CHECKSUM: e429dbe7f96fa935f2b5fd33a4f79e5f91f4fe30

COCOAPODS: 1.9.3
