// !$*UTF8*$!
{
	archiveVersion = 1;
	classes = {
	};
	objectVersion = 50;
	objects = {

/* Begin PBXBuildFile section */
		687651B624DDD2DD004F87B5 /* AppDelegate.swift in Sources */ = {isa = PBXBuildFile; fileRef = 687651B524DDD2DD004F87B5 /* AppDelegate.swift */; };
		687651BD24DDD2DD004F87B5 /* Main.storyboard in Resources */ = {isa = PBXBuildFile; fileRef = 687651BB24DDD2DD004F87B5 /* Main.storyboard */; };
		687651BF24DDD2DE004F87B5 /* Assets.xcassets in Resources */ = {isa = PBXBuildFile; fileRef = 687651BE24DDD2DE004F87B5 /* Assets.xcassets */; };
		687651C224DDD2DE004F87B5 /* LaunchScreen.storyboard in Resources */ = {isa = PBXBuildFile; fileRef = 687651C024DDD2DE004F87B5 /* LaunchScreen.storyboard */; };
		68D490C524E71A7B00C98428 /* Chart.swift in Sources */ = {isa = PBXBuildFile; fileRef = 68D490C224E71A7B00C98428 /* Chart.swift */; };
		68D490C624E71A7B00C98428 /* ChartColors.swift in Sources */ = {isa = PBXBuildFile; fileRef = 68D490C324E71A7B00C98428 /* ChartColors.swift */; };
		68D490C724E71A7B00C98428 /* ChartSeries.swift in Sources */ = {isa = PBXBuildFile; fileRef = 68D490C424E71A7B00C98428 /* ChartSeries.swift */; };
		68D490CF24E73F8D00C98428 /* JsonParser.swift in Sources */ = {isa = PBXBuildFile; fileRef = 68D490C924E73F8D00C98428 /* JsonParser.swift */; };
		68D490D024E73F8D00C98428 /* Models.swift in Sources */ = {isa = PBXBuildFile; fileRef = 68D490CA24E73F8D00C98428 /* Models.swift */; };
		68D490D224E73F8D00C98428 /* PerformaceViewController.swift in Sources */ = {isa = PBXBuildFile; fileRef = 68D490CD24E73F8D00C98428 /* PerformaceViewController.swift */; };
		68D490D324E73F8D00C98428 /* StockViewController.swift in Sources */ = {isa = PBXBuildFile; fileRef = 68D490CE24E73F8D00C98428 /* StockViewController.swift */; };
		68D490D924E7411D00C98428 /* ChartViewController.swift in Sources */ = {isa = PBXBuildFile; fileRef = 68D490D824E7411D00C98428 /* ChartViewController.swift */; };
		68D77DC124E042A600770966 /* responseQuotesMonth.json in Resources */ = {isa = PBXBuildFile; fileRef = 68D77DBF24E042A600770966 /* responseQuotesMonth.json */; };
		68D77DC224E042A600770966 /* responseQuotesWeek.json in Resources */ = {isa = PBXBuildFile; fileRef = 68D77DC024E042A600770966 /* responseQuotesWeek.json */; };
		68D77DCC24E07A7C00770966 /* kLineForWeek.json in Resources */ = {isa = PBXBuildFile; fileRef = 68D77DCB24E07A7C00770966 /* kLineForWeek.json */; };
		68D77DCE24E0954B00770966 /* kLineForMonth.json in Resources */ = {isa = PBXBuildFile; fileRef = 68D77DCD24E0954B00770966 /* kLineForMonth.json */; };
		68D77E0D24E122C800770966 /* HSDrawLayerProtocol.swift in Sources */ = {isa = PBXBuildFile; fileRef = 68D77DFB24E122C800770966 /* HSDrawLayerProtocol.swift */; };
		68D77E0E24E122C800770966 /* Extension.swift in Sources */ = {isa = PBXBuildFile; fileRef = 68D77DFD24E122C800770966 /* Extension.swift */; };
		68D77E0F24E122C800770966 /* HSStockChartNameSpace.swift in Sources */ = {isa = PBXBuildFile; fileRef = 68D77DFE24E122C800770966 /* HSStockChartNameSpace.swift */; };
		68D77E1124E122C800770966 /* HSKLine.swift in Sources */ = {isa = PBXBuildFile; fileRef = 68D77E0224E122C800770966 /* HSKLine.swift */; };
		68D77E1224E122C800770966 /* HSKLineCoordModel.swift in Sources */ = {isa = PBXBuildFile; fileRef = 68D77E0324E122C800770966 /* HSKLineCoordModel.swift */; };
		68D77E1324E122C800770966 /* HSKLineModel.swift in Sources */ = {isa = PBXBuildFile; fileRef = 68D77E0424E122C800770966 /* HSKLineModel.swift */; };
		68D77E1424E122C800770966 /* HSKLineStyle.swift in Sources */ = {isa = PBXBuildFile; fileRef = 68D77E0524E122C800770966 /* HSKLineStyle.swift */; };
		68D77E1524E122C800770966 /* HSKLineUpFrontView.swift in Sources */ = {isa = PBXBuildFile; fileRef = 68D77E0624E122C800770966 /* HSKLineUpFrontView.swift */; };
		68D77E1624E122C800770966 /* HSKLineView.swift in Sources */ = {isa = PBXBuildFile; fileRef = 68D77E0724E122C800770966 /* HSKLineView.swift */; };
		68D77E1724E122C800770966 /* HSTimeLine.swift in Sources */ = {isa = PBXBuildFile; fileRef = 68D77E0924E122C800770966 /* HSTimeLine.swift */; };
		68D77E1824E122C800770966 /* HSTimeLineCoordModel.swift in Sources */ = {isa = PBXBuildFile; fileRef = 68D77E0A24E122C800770966 /* HSTimeLineCoordModel.swift */; };
		68D77E1924E122C800770966 /* HSTimeLineModel.swift in Sources */ = {isa = PBXBuildFile; fileRef = 68D77E0B24E122C800770966 /* HSTimeLineModel.swift */; };
		68D77E1A24E122C800770966 /* HSTimeLineStyle.swift in Sources */ = {isa = PBXBuildFile; fileRef = 68D77E0C24E122C800770966 /* HSTimeLineStyle.swift */; };
		6D15087CE5AFB1CE9D97142F /* libPods-Front.a in Frameworks */ = {isa = PBXBuildFile; fileRef = 513D8564BF915B1E96C67616 /* libPods-Front.a */; };
/* End PBXBuildFile section */

/* Begin PBXFileReference section */
		513D8564BF915B1E96C67616 /* libPods-Front.a */ = {isa = PBXFileReference; explicitFileType = archive.ar; includeInIndex = 0; path = "libPods-Front.a"; sourceTree = BUILT_PRODUCTS_DIR; };
		687651B224DDD2DD004F87B5 /* Front.app */ = {isa = PBXFileReference; explicitFileType = wrapper.application; includeInIndex = 0; path = Front.app; sourceTree = BUILT_PRODUCTS_DIR; };
		687651B524DDD2DD004F87B5 /* AppDelegate.swift */ = {isa = PBXFileReference; lastKnownFileType = sourcecode.swift; path = AppDelegate.swift; sourceTree = "<group>"; };
		687651BC24DDD2DD004F87B5 /* Base */ = {isa = PBXFileReference; lastKnownFileType = file.storyboard; name = Base; path = Base.lproj/Main.storyboard; sourceTree = "<group>"; };
		687651BE24DDD2DE004F87B5 /* Assets.xcassets */ = {isa = PBXFileReference; lastKnownFileType = folder.assetcatalog; path = Assets.xcassets; sourceTree = "<group>"; };
		687651C124DDD2DE004F87B5 /* Base */ = {isa = PBXFileReference; lastKnownFileType = file.storyboard; name = Base; path = Base.lproj/LaunchScreen.storyboard; sourceTree = "<group>"; };
		687651C324DDD2DE004F87B5 /* Info.plist */ = {isa = PBXFileReference; lastKnownFileType = text.plist.xml; path = Info.plist; sourceTree = "<group>"; };
		68D490C224E71A7B00C98428 /* Chart.swift */ = {isa = PBXFileReference; fileEncoding = 4; lastKnownFileType = sourcecode.swift; path = Chart.swift; sourceTree = "<group>"; };
		68D490C324E71A7B00C98428 /* ChartColors.swift */ = {isa = PBXFileReference; fileEncoding = 4; lastKnownFileType = sourcecode.swift; path = ChartColors.swift; sourceTree = "<group>"; };
		68D490C424E71A7B00C98428 /* ChartSeries.swift */ = {isa = PBXFileReference; fileEncoding = 4; lastKnownFileType = sourcecode.swift; path = ChartSeries.swift; sourceTree = "<group>"; };
		68D490C924E73F8D00C98428 /* JsonParser.swift */ = {isa = PBXFileReference; fileEncoding = 4; lastKnownFileType = sourcecode.swift; path = JsonParser.swift; sourceTree = "<group>"; };
		68D490CA24E73F8D00C98428 /* Models.swift */ = {isa = PBXFileReference; fileEncoding = 4; lastKnownFileType = sourcecode.swift; path = Models.swift; sourceTree = "<group>"; };
		68D490CD24E73F8D00C98428 /* PerformaceViewController.swift */ = {isa = PBXFileReference; fileEncoding = 4; lastKnownFileType = sourcecode.swift; path = PerformaceViewController.swift; sourceTree = "<group>"; };
		68D490CE24E73F8D00C98428 /* StockViewController.swift */ = {isa = PBXFileReference; fileEncoding = 4; lastKnownFileType = sourcecode.swift; path = StockViewController.swift; sourceTree = "<group>"; };
		68D490D824E7411D00C98428 /* ChartViewController.swift */ = {isa = PBXFileReference; fileEncoding = 4; lastKnownFileType = sourcecode.swift; path = ChartViewController.swift; sourceTree = "<group>"; };
		68D77DBF24E042A600770966 /* responseQuotesMonth.json */ = {isa = PBXFileReference; fileEncoding = 4; lastKnownFileType = text.json; path = responseQuotesMonth.json; sourceTree = "<group>"; };
		68D77DC024E042A600770966 /* responseQuotesWeek.json */ = {isa = PBXFileReference; fileEncoding = 4; lastKnownFileType = text.json; path = responseQuotesWeek.json; sourceTree = "<group>"; };
		68D77DCB24E07A7C00770966 /* kLineForWeek.json */ = {isa = PBXFileReference; fileEncoding = 4; lastKnownFileType = text.json; path = kLineForWeek.json; sourceTree = "<group>"; };
		68D77DCD24E0954B00770966 /* kLineForMonth.json */ = {isa = PBXFileReference; fileEncoding = 4; lastKnownFileType = text.json; path = kLineForMonth.json; sourceTree = "<group>"; };
		68D77DFB24E122C800770966 /* HSDrawLayerProtocol.swift */ = {isa = PBXFileReference; fileEncoding = 4; lastKnownFileType = sourcecode.swift; path = HSDrawLayerProtocol.swift; sourceTree = "<group>"; };
		68D77DFD24E122C800770966 /* Extension.swift */ = {isa = PBXFileReference; fileEncoding = 4; lastKnownFileType = sourcecode.swift; path = Extension.swift; sourceTree = "<group>"; };
		68D77DFE24E122C800770966 /* HSStockChartNameSpace.swift */ = {isa = PBXFileReference; fileEncoding = 4; lastKnownFileType = sourcecode.swift; path = HSStockChartNameSpace.swift; sourceTree = "<group>"; };
		68D77DFF24E122C800770966 /* HSStockChart.h */ = {isa = PBXFileReference; fileEncoding = 4; lastKnownFileType = sourcecode.c.h; path = HSStockChart.h; sourceTree = "<group>"; };
		68D77E0224E122C800770966 /* HSKLine.swift */ = {isa = PBXFileReference; fileEncoding = 4; lastKnownFileType = sourcecode.swift; path = HSKLine.swift; sourceTree = "<group>"; };
		68D77E0324E122C800770966 /* HSKLineCoordModel.swift */ = {isa = PBXFileReference; fileEncoding = 4; lastKnownFileType = sourcecode.swift; path = HSKLineCoordModel.swift; sourceTree = "<group>"; };
		68D77E0424E122C800770966 /* HSKLineModel.swift */ = {isa = PBXFileReference; fileEncoding = 4; lastKnownFileType = sourcecode.swift; path = HSKLineModel.swift; sourceTree = "<group>"; };
		68D77E0524E122C800770966 /* HSKLineStyle.swift */ = {isa = PBXFileReference; fileEncoding = 4; lastKnownFileType = sourcecode.swift; path = HSKLineStyle.swift; sourceTree = "<group>"; };
		68D77E0624E122C800770966 /* HSKLineUpFrontView.swift */ = {isa = PBXFileReference; fileEncoding = 4; lastKnownFileType = sourcecode.swift; path = HSKLineUpFrontView.swift; sourceTree = "<group>"; };
		68D77E0724E122C800770966 /* HSKLineView.swift */ = {isa = PBXFileReference; fileEncoding = 4; lastKnownFileType = sourcecode.swift; path = HSKLineView.swift; sourceTree = "<group>"; };
		68D77E0924E122C800770966 /* HSTimeLine.swift */ = {isa = PBXFileReference; fileEncoding = 4; lastKnownFileType = sourcecode.swift; path = HSTimeLine.swift; sourceTree = "<group>"; };
		68D77E0A24E122C800770966 /* HSTimeLineCoordModel.swift */ = {isa = PBXFileReference; fileEncoding = 4; lastKnownFileType = sourcecode.swift; path = HSTimeLineCoordModel.swift; sourceTree = "<group>"; };
		68D77E0B24E122C800770966 /* HSTimeLineModel.swift */ = {isa = PBXFileReference; fileEncoding = 4; lastKnownFileType = sourcecode.swift; path = HSTimeLineModel.swift; sourceTree = "<group>"; };
		68D77E0C24E122C800770966 /* HSTimeLineStyle.swift */ = {isa = PBXFileReference; fileEncoding = 4; lastKnownFileType = sourcecode.swift; path = HSTimeLineStyle.swift; sourceTree = "<group>"; };
		9B52304F16F2791D15A8151A /* Pods-Front.release.xcconfig */ = {isa = PBXFileReference; includeInIndex = 1; lastKnownFileType = text.xcconfig; name = "Pods-Front.release.xcconfig"; path = "Target Support Files/Pods-Front/Pods-Front.release.xcconfig"; sourceTree = "<group>"; };
		DC67C77E8BB5CB614F76B21A /* Pods-Front.debug.xcconfig */ = {isa = PBXFileReference; includeInIndex = 1; lastKnownFileType = text.xcconfig; name = "Pods-Front.debug.xcconfig"; path = "Target Support Files/Pods-Front/Pods-Front.debug.xcconfig"; sourceTree = "<group>"; };
/* End PBXFileReference section */

/* Begin PBXFrameworksBuildPhase section */
		687651AF24DDD2DD004F87B5 /* Frameworks */ = {
			isa = PBXFrameworksBuildPhase;
			buildActionMask = 2147483647;
			files = (
				6D15087CE5AFB1CE9D97142F /* libPods-Front.a in Frameworks */,
			);
			runOnlyForDeploymentPostprocessing = 0;
		};
/* End PBXFrameworksBuildPhase section */

/* Begin PBXGroup section */
		687651A924DDD2DD004F87B5 = {
			isa = PBXGroup;
			children = (
				687651B424DDD2DD004F87B5 /* Front */,
				687651B324DDD2DD004F87B5 /* Products */,
				F5885F1A4DABE03701729BAB /* Pods */,
				C3311EBDAAAEE2C7763534EF /* Frameworks */,
			);
			sourceTree = "<group>";
		};
		687651B324DDD2DD004F87B5 /* Products */ = {
			isa = PBXGroup;
			children = (
				687651B224DDD2DD004F87B5 /* Front.app */,
			);
			name = Products;
			sourceTree = "<group>";
		};
		687651B424DDD2DD004F87B5 /* Front */ = {
			isa = PBXGroup;
			children = (
				68D490DB24E7417C00C98428 /* Delegates */,
				68D490DA24E7416E00C98428 /* Storyboards */,
				68D77DF824E122C800770966 /* Library */,
				68D77DBE24E042A600770966 /* Data */,
				68D490C824E73F8D00C98428 /* Models */,
				68D490CB24E73F8D00C98428 /* ViewControllers */,
			);
			path = Front;
			sourceTree = "<group>";
		};
		68D490C124E71A7B00C98428 /* SwiftChart */ = {
			isa = PBXGroup;
			children = (
				68D490C224E71A7B00C98428 /* Chart.swift */,
				68D490C324E71A7B00C98428 /* ChartColors.swift */,
				68D490C424E71A7B00C98428 /* ChartSeries.swift */,
			);
			path = SwiftChart;
			sourceTree = "<group>";
		};
		68D490C824E73F8D00C98428 /* Models */ = {
			isa = PBXGroup;
			children = (
				68D490CA24E73F8D00C98428 /* Models.swift */,
				68D490C924E73F8D00C98428 /* JsonParser.swift */,
			);
			path = Models;
			sourceTree = "<group>";
		};
		68D490CB24E73F8D00C98428 /* ViewControllers */ = {
			isa = PBXGroup;
			children = (
				68D490CD24E73F8D00C98428 /* PerformaceViewController.swift */,
				68D490CE24E73F8D00C98428 /* StockViewController.swift */,
			);
			path = ViewControllers;
			sourceTree = "<group>";
		};
		68D490DA24E7416E00C98428 /* Storyboards */ = {
			isa = PBXGroup;
			children = (
				687651BE24DDD2DE004F87B5 /* Assets.xcassets */,
				687651C024DDD2DE004F87B5 /* LaunchScreen.storyboard */,
				687651BB24DDD2DD004F87B5 /* Main.storyboard */,
			);
			path = Storyboards;
			sourceTree = "<group>";
		};
		68D490DB24E7417C00C98428 /* Delegates */ = {
			isa = PBXGroup;
			children = (
				687651C324DDD2DE004F87B5 /* Info.plist */,
				687651B524DDD2DD004F87B5 /* AppDelegate.swift */,
			);
			path = Delegates;
			sourceTree = "<group>";
		};
		68D77DBE24E042A600770966 /* Data */ = {
			isa = PBXGroup;
			children = (
				68D77DCB24E07A7C00770966 /* kLineForWeek.json */,
				68D77DCD24E0954B00770966 /* kLineForMonth.json */,
				68D77DBF24E042A600770966 /* responseQuotesMonth.json */,
				68D77DC024E042A600770966 /* responseQuotesWeek.json */,
			);
			path = Data;
			sourceTree = "<group>";
		};
		68D77DF824E122C800770966 /* Library */ = {
			isa = PBXGroup;
			children = (
				68D490C124E71A7B00C98428 /* SwiftChart */,
				68D77DF924E122C800770966 /* HSStockChart */,
			);
			path = Library;
			sourceTree = "<group>";
		};
		68D77DF924E122C800770966 /* HSStockChart */ = {
			isa = PBXGroup;
			children = (
				68D490D824E7411D00C98428 /* ChartViewController.swift */,
				68D77DFF24E122C800770966 /* HSStockChart.h */,
				68D77DFA24E122C800770966 /* DrawLayerProtocol */,
				68D77DFC24E122C800770966 /* Helpers */,
				68D77E0124E122C800770966 /* KLineChart */,
				68D77E0824E122C800770966 /* TimeLineChart */,
			);
			path = HSStockChart;
			sourceTree = "<group>";
		};
		68D77DFA24E122C800770966 /* DrawLayerProtocol */ = {
			isa = PBXGroup;
			children = (
				68D77DFB24E122C800770966 /* HSDrawLayerProtocol.swift */,
			);
			path = DrawLayerProtocol;
			sourceTree = "<group>";
		};
		68D77DFC24E122C800770966 /* Helpers */ = {
			isa = PBXGroup;
			children = (
				68D77DFD24E122C800770966 /* Extension.swift */,
				68D77DFE24E122C800770966 /* HSStockChartNameSpace.swift */,
			);
			path = Helpers;
			sourceTree = "<group>";
		};
		68D77E0124E122C800770966 /* KLineChart */ = {
			isa = PBXGroup;
			children = (
				68D77E0224E122C800770966 /* HSKLine.swift */,
				68D77E0324E122C800770966 /* HSKLineCoordModel.swift */,
				68D77E0424E122C800770966 /* HSKLineModel.swift */,
				68D77E0524E122C800770966 /* HSKLineStyle.swift */,
				68D77E0624E122C800770966 /* HSKLineUpFrontView.swift */,
				68D77E0724E122C800770966 /* HSKLineView.swift */,
			);
			path = KLineChart;
			sourceTree = "<group>";
		};
		68D77E0824E122C800770966 /* TimeLineChart */ = {
			isa = PBXGroup;
			children = (
				68D77E0924E122C800770966 /* HSTimeLine.swift */,
				68D77E0A24E122C800770966 /* HSTimeLineCoordModel.swift */,
				68D77E0B24E122C800770966 /* HSTimeLineModel.swift */,
				68D77E0C24E122C800770966 /* HSTimeLineStyle.swift */,
			);
			path = TimeLineChart;
			sourceTree = "<group>";
		};
		C3311EBDAAAEE2C7763534EF /* Frameworks */ = {
			isa = PBXGroup;
			children = (
				513D8564BF915B1E96C67616 /* libPods-Front.a */,
			);
			name = Frameworks;
			sourceTree = "<group>";
		};
		F5885F1A4DABE03701729BAB /* Pods */ = {
			isa = PBXGroup;
			children = (
				DC67C77E8BB5CB614F76B21A /* Pods-Front.debug.xcconfig */,
				9B52304F16F2791D15A8151A /* Pods-Front.release.xcconfig */,
			);
			path = Pods;
			sourceTree = "<group>";
		};
/* End PBXGroup section */

/* Begin PBXNativeTarget section */
		687651B124DDD2DD004F87B5 /* Front */ = {
			isa = PBXNativeTarget;
			buildConfigurationList = 687651C624DDD2DE004F87B5 /* Build configuration list for PBXNativeTarget "Front" */;
			buildPhases = (
				213AEC7C71A3844CC42DA065 /* [CP] Check Pods Manifest.lock */,
				687651AE24DDD2DD004F87B5 /* Sources */,
				687651AF24DDD2DD004F87B5 /* Frameworks */,
				687651B024DDD2DD004F87B5 /* Resources */,
			);
			buildRules = (
			);
			dependencies = (
			);
			name = Front;
			productName = Front;
			productReference = 687651B224DDD2DD004F87B5 /* Front.app */;
			productType = "com.apple.product-type.application";
		};
/* End PBXNativeTarget section */

/* Begin PBXProject section */
		687651AA24DDD2DD004F87B5 /* Project object */ = {
			isa = PBXProject;
			attributes = {
				LastSwiftUpdateCheck = 1150;
				LastUpgradeCheck = 1150;
				ORGANIZATIONNAME = Turing;
				TargetAttributes = {
					687651B124DDD2DD004F87B5 = {
						CreatedOnToolsVersion = 11.5;
					};
				};
			};
			buildConfigurationList = 687651AD24DDD2DD004F87B5 /* Build configuration list for PBXProject "Front" */;
			compatibilityVersion = "Xcode 9.3";
			developmentRegion = en;
			hasScannedForEncodings = 0;
			knownRegions = (
				en,
				Base,
			);
			mainGroup = 687651A924DDD2DD004F87B5;
			productRefGroup = 687651B324DDD2DD004F87B5 /* Products */;
			projectDirPath = "";
			projectRoot = "";
			targets = (
				687651B124DDD2DD004F87B5 /* Front */,
			);
		};
/* End PBXProject section */

/* Begin PBXResourcesBuildPhase section */
		687651B024DDD2DD004F87B5 /* Resources */ = {
			isa = PBXResourcesBuildPhase;
			buildActionMask = 2147483647;
			files = (
				687651C224DDD2DE004F87B5 /* LaunchScreen.storyboard in Resources */,
				68D77DC224E042A600770966 /* responseQuotesWeek.json in Resources */,
				68D77DCE24E0954B00770966 /* kLineForMonth.json in Resources */,
				687651BF24DDD2DE004F87B5 /* Assets.xcassets in Resources */,
				68D77DC124E042A600770966 /* responseQuotesMonth.json in Resources */,
				68D77DCC24E07A7C00770966 /* kLineForWeek.json in Resources */,
				687651BD24DDD2DD004F87B5 /* Main.storyboard in Resources */,
			);
			runOnlyForDeploymentPostprocessing = 0;
		};
/* End PBXResourcesBuildPhase section */

/* Begin PBXShellScriptBuildPhase section */
		213AEC7C71A3844CC42DA065 /* [CP] Check Pods Manifest.lock */ = {
			isa = PBXShellScriptBuildPhase;
			buildActionMask = 2147483647;
			files = (
			);
			inputFileListPaths = (
			);
			inputPaths = (
				"${PODS_PODFILE_DIR_PATH}/Podfile.lock",
				"${PODS_ROOT}/Manifest.lock",
			);
			name = "[CP] Check Pods Manifest.lock";
			outputFileListPaths = (
			);
			outputPaths = (
				"$(DERIVED_FILE_DIR)/Pods-Front-checkManifestLockResult.txt",
			);
			runOnlyForDeploymentPostprocessing = 0;
			shellPath = /bin/sh;
			shellScript = "diff \"${PODS_PODFILE_DIR_PATH}/Podfile.lock\" \"${PODS_ROOT}/Manifest.lock\" > /dev/null\nif [ $? != 0 ] ; then\n    # print error to STDERR\n    echo \"error: The sandbox is not in sync with the Podfile.lock. Run 'pod install' or update your CocoaPods installation.\" >&2\n    exit 1\nfi\n# This output is used by Xcode 'outputs' to avoid re-running this script phase.\necho \"SUCCESS\" > \"${SCRIPT_OUTPUT_FILE_0}\"\n";
			showEnvVarsInLog = 0;
		};
/* End PBXShellScriptBuildPhase section */

/* Begin PBXSourcesBuildPhase section */
		687651AE24DDD2DD004F87B5 /* Sources */ = {
			isa = PBXSourcesBuildPhase;
			buildActionMask = 2147483647;
			files = (
				68D77E1124E122C800770966 /* HSKLine.swift in Sources */,
				68D490D924E7411D00C98428 /* ChartViewController.swift in Sources */,
				68D77E1724E122C800770966 /* HSTimeLine.swift in Sources */,
				68D77E0E24E122C800770966 /* Extension.swift in Sources */,
				68D490D024E73F8D00C98428 /* Models.swift in Sources */,
				68D77E1A24E122C800770966 /* HSTimeLineStyle.swift in Sources */,
				68D77E1424E122C800770966 /* HSKLineStyle.swift in Sources */,
				68D77E1524E122C800770966 /* HSKLineUpFrontView.swift in Sources */,
				68D77E1324E122C800770966 /* HSKLineModel.swift in Sources */,
				68D490CF24E73F8D00C98428 /* JsonParser.swift in Sources */,
				68D77E1624E122C800770966 /* HSKLineView.swift in Sources */,
				68D490D324E73F8D00C98428 /* StockViewController.swift in Sources */,
				68D490C524E71A7B00C98428 /* Chart.swift in Sources */,
				68D77E1824E122C800770966 /* HSTimeLineCoordModel.swift in Sources */,
				68D77E1924E122C800770966 /* HSTimeLineModel.swift in Sources */,
				687651B624DDD2DD004F87B5 /* AppDelegate.swift in Sources */,
				68D77E0D24E122C800770966 /* HSDrawLayerProtocol.swift in Sources */,
				68D77E1224E122C800770966 /* HSKLineCoordModel.swift in Sources */,
				68D77E0F24E122C800770966 /* HSStockChartNameSpace.swift in Sources */,
				68D490C624E71A7B00C98428 /* ChartColors.swift in Sources */,
				68D490D224E73F8D00C98428 /* PerformaceViewController.swift in Sources */,
				68D490C724E71A7B00C98428 /* ChartSeries.swift in Sources */,
			);
			runOnlyForDeploymentPostprocessing = 0;
		};
/* End PBXSourcesBuildPhase section */

/* Begin PBXVariantGroup section */
		687651BB24DDD2DD004F87B5 /* Main.storyboard */ = {
			isa = PBXVariantGroup;
			children = (
				687651BC24DDD2DD004F87B5 /* Base */,
			);
			name = Main.storyboard;
			sourceTree = "<group>";
		};
		687651C024DDD2DE004F87B5 /* LaunchScreen.storyboard */ = {
			isa = PBXVariantGroup;
			children = (
				687651C124DDD2DE004F87B5 /* Base */,
			);
			name = LaunchScreen.storyboard;
			sourceTree = "<group>";
		};
/* End PBXVariantGroup section */

/* Begin XCBuildConfiguration section */
		687651C424DDD2DE004F87B5 /* Debug */ = {
			isa = XCBuildConfiguration;
			buildSettings = {
				ALWAYS_SEARCH_USER_PATHS = NO;
				CLANG_ANALYZER_NONNULL = YES;
				CLANG_ANALYZER_NUMBER_OBJECT_CONVERSION = YES_AGGRESSIVE;
				CLANG_CXX_LANGUAGE_STANDARD = "gnu++14";
				CLANG_CXX_LIBRARY = "libc++";
				CLANG_ENABLE_MODULES = YES;
				CLANG_ENABLE_OBJC_ARC = YES;
				CLANG_ENABLE_OBJC_WEAK = YES;
				CLANG_WARN_BLOCK_CAPTURE_AUTORELEASING = YES;
				CLANG_WARN_BOOL_CONVERSION = YES;
				CLANG_WARN_COMMA = YES;
				CLANG_WARN_CONSTANT_CONVERSION = YES;
				CLANG_WARN_DEPRECATED_OBJC_IMPLEMENTATIONS = YES;
				CLANG_WARN_DIRECT_OBJC_ISA_USAGE = YES_ERROR;
				CLANG_WARN_DOCUMENTATION_COMMENTS = YES;
				CLANG_WARN_EMPTY_BODY = YES;
				CLANG_WARN_ENUM_CONVERSION = YES;
				CLANG_WARN_INFINITE_RECURSION = YES;
				CLANG_WARN_INT_CONVERSION = YES;
				CLANG_WARN_NON_LITERAL_NULL_CONVERSION = YES;
				CLANG_WARN_OBJC_IMPLICIT_RETAIN_SELF = YES;
				CLANG_WARN_OBJC_LITERAL_CONVERSION = YES;
				CLANG_WARN_OBJC_ROOT_CLASS = YES_ERROR;
				CLANG_WARN_RANGE_LOOP_ANALYSIS = YES;
				CLANG_WARN_STRICT_PROTOTYPES = YES;
				CLANG_WARN_SUSPICIOUS_MOVE = YES;
				CLANG_WARN_UNGUARDED_AVAILABILITY = YES_AGGRESSIVE;
				CLANG_WARN_UNREACHABLE_CODE = YES;
				CLANG_WARN__DUPLICATE_METHOD_MATCH = YES;
				COPY_PHASE_STRIP = NO;
				DEBUG_INFORMATION_FORMAT = dwarf;
				ENABLE_STRICT_OBJC_MSGSEND = YES;
				ENABLE_TESTABILITY = YES;
				GCC_C_LANGUAGE_STANDARD = gnu11;
				GCC_DYNAMIC_NO_PIC = NO;
				GCC_NO_COMMON_BLOCKS = YES;
				GCC_OPTIMIZATION_LEVEL = 0;
				GCC_PREPROCESSOR_DEFINITIONS = (
					"DEBUG=1",
					"$(inherited)",
				);
				GCC_WARN_64_TO_32_BIT_CONVERSION = YES;
				GCC_WARN_ABOUT_RETURN_TYPE = YES_ERROR;
				GCC_WARN_UNDECLARED_SELECTOR = YES;
				GCC_WARN_UNINITIALIZED_AUTOS = YES_AGGRESSIVE;
				GCC_WARN_UNUSED_FUNCTION = YES;
				GCC_WARN_UNUSED_VARIABLE = YES;
				IPHONEOS_DEPLOYMENT_TARGET = 13.5;
				MTL_ENABLE_DEBUG_INFO = INCLUDE_SOURCE;
				MTL_FAST_MATH = YES;
				ONLY_ACTIVE_ARCH = YES;
				SDKROOT = iphoneos;
				SWIFT_ACTIVE_COMPILATION_CONDITIONS = DEBUG;
				SWIFT_OPTIMIZATION_LEVEL = "-Onone";
			};
			name = Debug;
		};
		687651C524DDD2DE004F87B5 /* Release */ = {
			isa = XCBuildConfiguration;
			buildSettings = {
				ALWAYS_SEARCH_USER_PATHS = NO;
				CLANG_ANALYZER_NONNULL = YES;
				CLANG_ANALYZER_NUMBER_OBJECT_CONVERSION = YES_AGGRESSIVE;
				CLANG_CXX_LANGUAGE_STANDARD = "gnu++14";
				CLANG_CXX_LIBRARY = "libc++";
				CLANG_ENABLE_MODULES = YES;
				CLANG_ENABLE_OBJC_ARC = YES;
				CLANG_ENABLE_OBJC_WEAK = YES;
				CLANG_WARN_BLOCK_CAPTURE_AUTORELEASING = YES;
				CLANG_WARN_BOOL_CONVERSION = YES;
				CLANG_WARN_COMMA = YES;
				CLANG_WARN_CONSTANT_CONVERSION = YES;
				CLANG_WARN_DEPRECATED_OBJC_IMPLEMENTATIONS = YES;
				CLANG_WARN_DIRECT_OBJC_ISA_USAGE = YES_ERROR;
				CLANG_WARN_DOCUMENTATION_COMMENTS = YES;
				CLANG_WARN_EMPTY_BODY = YES;
				CLANG_WARN_ENUM_CONVERSION = YES;
				CLANG_WARN_INFINITE_RECURSION = YES;
				CLANG_WARN_INT_CONVERSION = YES;
				CLANG_WARN_NON_LITERAL_NULL_CONVERSION = YES;
				CLANG_WARN_OBJC_IMPLICIT_RETAIN_SELF = YES;
				CLANG_WARN_OBJC_LITERAL_CONVERSION = YES;
				CLANG_WARN_OBJC_ROOT_CLASS = YES_ERROR;
				CLANG_WARN_RANGE_LOOP_ANALYSIS = YES;
				CLANG_WARN_STRICT_PROTOTYPES = YES;
				CLANG_WARN_SUSPICIOUS_MOVE = YES;
				CLANG_WARN_UNGUARDED_AVAILABILITY = YES_AGGRESSIVE;
				CLANG_WARN_UNREACHABLE_CODE = YES;
				CLANG_WARN__DUPLICATE_METHOD_MATCH = YES;
				COPY_PHASE_STRIP = NO;
				DEBUG_INFORMATION_FORMAT = "dwarf-with-dsym";
				ENABLE_NS_ASSERTIONS = NO;
				ENABLE_STRICT_OBJC_MSGSEND = YES;
				GCC_C_LANGUAGE_STANDARD = gnu11;
				GCC_NO_COMMON_BLOCKS = YES;
				GCC_WARN_64_TO_32_BIT_CONVERSION = YES;
				GCC_WARN_ABOUT_RETURN_TYPE = YES_ERROR;
				GCC_WARN_UNDECLARED_SELECTOR = YES;
				GCC_WARN_UNINITIALIZED_AUTOS = YES_AGGRESSIVE;
				GCC_WARN_UNUSED_FUNCTION = YES;
				GCC_WARN_UNUSED_VARIABLE = YES;
				IPHONEOS_DEPLOYMENT_TARGET = 13.5;
				MTL_ENABLE_DEBUG_INFO = NO;
				MTL_FAST_MATH = YES;
				SDKROOT = iphoneos;
				SWIFT_COMPILATION_MODE = wholemodule;
				SWIFT_OPTIMIZATION_LEVEL = "-O";
				VALIDATE_PRODUCT = YES;
			};
			name = Release;
		};
		687651C724DDD2DE004F87B5 /* Debug */ = {
			isa = XCBuildConfiguration;
			baseConfigurationReference = DC67C77E8BB5CB614F76B21A /* Pods-Front.debug.xcconfig */;
			buildSettings = {
				ASSETCATALOG_COMPILER_APPICON_NAME = AppIcon;
				CODE_SIGN_STYLE = Automatic;
				DEVELOPMENT_TEAM = C99TFAX5MP;
				INFOPLIST_FILE = "$(SRCROOT)/Front/Delegates/Info.plist";
				IPHONEOS_DEPLOYMENT_TARGET = 11.0;
				LD_RUNPATH_SEARCH_PATHS = (
					"$(inherited)",
					"@executable_path/Frameworks",
				);
				PRODUCT_BUNDLE_IDENTIFIER = com.Front;
				PRODUCT_NAME = "$(TARGET_NAME)";
				SWIFT_VERSION = 5.0;
				TARGETED_DEVICE_FAMILY = 1;
			};
			name = Debug;
		};
		687651C824DDD2DE004F87B5 /* Release */ = {
			isa = XCBuildConfiguration;
			baseConfigurationReference = 9B52304F16F2791D15A8151A /* Pods-Front.release.xcconfig */;
			buildSettings = {
				ASSETCATALOG_COMPILER_APPICON_NAME = AppIcon;
				CODE_SIGN_STYLE = Automatic;
				DEVELOPMENT_TEAM = C99TFAX5MP;
				INFOPLIST_FILE = "$(SRCROOT)/Front/Delegates/Info.plist";
				IPHONEOS_DEPLOYMENT_TARGET = 11.0;
				LD_RUNPATH_SEARCH_PATHS = (
					"$(inherited)",
					"@executable_path/Frameworks",
				);
				PRODUCT_BUNDLE_IDENTIFIER = com.Front;
				PRODUCT_NAME = "$(TARGET_NAME)";
				SWIFT_VERSION = 5.0;
				TARGETED_DEVICE_FAMILY = 1;
			};
			name = Release;
		};
/* End XCBuildConfiguration section */

/* Begin XCConfigurationList section */
		687651AD24DDD2DD004F87B5 /* Build configuration list for PBXProject "Front" */ = {
			isa = XCConfigurationList;
			buildConfigurations = (
				687651C424DDD2DE004F87B5 /* Debug */,
				687651C524DDD2DE004F87B5 /* Release */,
			);
			defaultConfigurationIsVisible = 0;
			defaultConfigurationName = Release;
		};
		687651C624DDD2DE004F87B5 /* Build configuration list for PBXNativeTarget "Front" */ = {
			isa = XCConfigurationList;
			buildConfigurations = (
				687651C724DDD2DE004F87B5 /* Debug */,
				687651C824DDD2DE004F87B5 /* Release */,
			);
			defaultConfigurationIsVisible = 0;
			defaultConfigurationName = Release;
		};
/* End XCConfigurationList section */
	};
	rootObject = 687651AA24DDD2DD004F87B5 /* Project object */;
}
